
Microsoft Visual Studio Solution File, Format Version 12.00
# Visual Studio Version 16
VisualStudioVersion = 16.0.30523.141
MinimumVisualStudioVersion = 10.0.40219.1
Project("{FAE04EC0-301F-11D3-BF4B-00C04F79EFBC}") = "UWP015", "UWP015\UWP015.csproj", "{3A290331-CE4E-4C3D-B20B-B4192CAA74BA}"
EndProject
Project("{FAE04EC0-301F-11D3-BF4B-00C04F79EFBC}") = "LayoutWithRelativePanel", "LayoutWithRelativePanel\LayoutWithRelativePanel.csproj", "{0908D2F0-44E2-4531-B302-0172B97E65C5}"
EndProject
Project("{FAE04EC0-301F-11D3-BF4B-00C04F79EFBC}") = "Search", "Search\Search.csproj", "{467D24D0-4C43-4BFC-BA90-5149F36C0F70}"
EndProject
Project("{FAE04EC0-301F-11D3-BF4B-00C04F79EFBC}") = "ClickMe", "ClickMe\ClickMe.csproj", "{5947385C-9FA3-4DFF-AA56-13B26B38211E}"
EndProject
Project("{FAE04EC0-301F-11D3-BF4B-00C04F79EFBC}") = "Page", "Page\Page.csproj", "{120CF2A8-B562-44A5-B31C-322D13A26E55}"
EndProject
Project("{FAE04EC0-301F-11D3-BF4B-00C04F79EFBC}") = "LayuotPage", "LayuotPage\LayuotPage.csproj", "{3ED48F92-65AA-4613-80A7-F8145DD678AC}"
EndProject
Project("{FAE04EC0-301F-11D3-BF4B-00C04F79EFBC}") = "ControlsExamplePart1", "ControlsExamplePart1\ControlsExamplePart1.csproj", "{2240124B-65BD-46FD-8E20-0591BD5F9477}"
EndProject
Global
	GlobalSection(SolutionConfigurationPlatforms) = preSolution
		Debug|ARM = Debug|ARM
		Debug|ARM64 = Debug|ARM64
		Debug|x64 = Debug|x64
		Debug|x86 = Debug|x86
		Release|ARM = Release|ARM
		Release|ARM64 = Release|ARM64
		Release|x64 = Release|x64
		Release|x86 = Release|x86
	EndGlobalSection
	GlobalSection(ProjectConfigurationPlatforms) = postSolution
		{3A290331-CE4E-4C3D-B20B-B4192CAA74BA}.Debug|ARM.ActiveCfg = Debug|ARM
		{3A290331-CE4E-4C3D-B20B-B4192CAA74BA}.Debug|ARM.Build.0 = Debug|ARM
		{3A290331-CE4E-4C3D-B20B-B4192CAA74BA}.Debug|ARM.Deploy.0 = Debug|ARM
		{3A290331-CE4E-4C3D-B20B-B4192CAA74BA}.Debug|ARM64.ActiveCfg = Debug|ARM64
		{3A290331-CE4E-4C3D-B20B-B4192CAA74BA}.Debug|ARM64.Build.0 = Debug|ARM64
		{3A290331-CE4E-4C3D-B20B-B4192CAA74BA}.Debug|ARM64.Deploy.0 = Debug|ARM64
		{3A290331-CE4E-4C3D-B20B-B4192CAA74BA}.Debug|x64.ActiveCfg = Debug|x64
		{3A290331-CE4E-4C3D-B20B-B4192CAA74BA}.Debug|x64.Build.0 = Debug|x64
		{3A290331-CE4E-4C3D-B20B-B4192CAA74BA}.Debug|x64.Deploy.0 = Debug|x64
		{3A290331-CE4E-4C3D-B20B-B4192CAA74BA}.Debug|x86.ActiveCfg = Debug|x86
		{3A290331-CE4E-4C3D-B20B-B4192CAA74BA}.Debug|x86.Build.0 = Debug|x86
		{3A290331-CE4E-4C3D-B20B-B4192CAA74BA}.Debug|x86.Deploy.0 = Debug|x86
		{3A290331-CE4E-4C3D-B20B-B4192CAA74BA}.Release|ARM.ActiveCfg = Release|ARM
		{3A290331-CE4E-4C3D-B20B-B4192CAA74BA}.Release|ARM.Build.0 = Release|ARM
		{3A290331-CE4E-4C3D-B20B-B4192CAA74BA}.Release|ARM.Deploy.0 = Release|ARM
		{3A290331-CE4E-4C3D-B20B-B4192CAA74BA}.Release|ARM64.ActiveCfg = Release|ARM64
		{3A290331-CE4E-4C3D-B20B-B4192CAA74BA}.Release|ARM64.Build.0 = Release|ARM64
		{3A290331-CE4E-4C3D-B20B-B4192CAA74BA}.Release|ARM64.Deploy.0 = Release|ARM64
		{3A290331-CE4E-4C3D-B20B-B4192CAA74BA}.Release|x64.ActiveCfg = Release|x64
		{3A290331-CE4E-4C3D-B20B-B4192CAA74BA}.Release|x64.Build.0 = Release|x64
		{3A290331-CE4E-4C3D-B20B-B4192CAA74BA}.Release|x64.Deploy.0 = Release|x64
		{3A290331-CE4E-4C3D-B20B-B4192CAA74BA}.Release|x86.ActiveCfg = Release|x86
		{3A290331-CE4E-4C3D-B20B-B4192CAA74BA}.Release|x86.Build.0 = Release|x86
		{3A290331-CE4E-4C3D-B20B-B4192CAA74BA}.Release|x86.Deploy.0 = Release|x86
		{0908D2F0-44E2-4531-B302-0172B97E65C5}.Debug|ARM.ActiveCfg = Debug|ARM
		{0908D2F0-44E2-4531-B302-0172B97E65C5}.Debug|ARM.Build.0 = Debug|ARM
		{0908D2F0-44E2-4531-B302-0172B97E65C5}.Debug|ARM.Deploy.0 = Debug|ARM
		{0908D2F0-44E2-4531-B302-0172B97E65C5}.Debug|ARM64.ActiveCfg = Debug|ARM64
		{0908D2F0-44E2-4531-B302-0172B97E65C5}.Debug|ARM64.Build.0 = Debug|ARM64
		{0908D2F0-44E2-4531-B302-0172B97E65C5}.Debug|ARM64.Deploy.0 = Debug|ARM64
		{0908D2F0-44E2-4531-B302-0172B97E65C5}.Debug|x64.ActiveCfg = Debug|x64
		{0908D2F0-44E2-4531-B302-0172B97E65C5}.Debug|x64.Build.0 = Debug|x64
		{0908D2F0-44E2-4531-B302-0172B97E65C5}.Debug|x64.Deploy.0 = Debug|x64
		{0908D2F0-44E2-4531-B302-0172B97E65C5}.Debug|x86.ActiveCfg = Debug|x86
		{0908D2F0-44E2-4531-B302-0172B97E65C5}.Debug|x86.Build.0 = Debug|x86
		{0908D2F0-44E2-4531-B302-0172B97E65C5}.Debug|x86.Deploy.0 = Debug|x86
		{0908D2F0-44E2-4531-B302-0172B97E65C5}.Release|ARM.ActiveCfg = Release|ARM
		{0908D2F0-44E2-4531-B302-0172B97E65C5}.Release|ARM.Build.0 = Release|ARM
		{0908D2F0-44E2-4531-B302-0172B97E65C5}.Release|ARM.Deploy.0 = Release|ARM
		{0908D2F0-44E2-4531-B302-0172B97E65C5}.Release|ARM64.ActiveCfg = Release|ARM64
		{0908D2F0-44E2-4531-B302-0172B97E65C5}.Release|ARM64.Build.0 = Release|ARM64
		{0908D2F0-44E2-4531-B302-0172B97E65C5}.Release|ARM64.Deploy.0 = Release|ARM64
		{0908D2F0-44E2-4531-B302-0172B97E65C5}.Release|x64.ActiveCfg = Release|x64
		{0908D2F0-44E2-4531-B302-0172B97E65C5}.Release|x64.Build.0 = Release|x64
		{0908D2F0-44E2-4531-B302-0172B97E65C5}.Release|x64.Deploy.0 = Release|x64
		{0908D2F0-44E2-4531-B302-0172B97E65C5}.Release|x86.ActiveCfg = Release|x86
		{0908D2F0-44E2-4531-B302-0172B97E65C5}.Release|x86.Build.0 = Release|x86
		{0908D2F0-44E2-4531-B302-0172B97E65C5}.Release|x86.Deploy.0 = Release|x86
		{467D24D0-4C43-4BFC-BA90-5149F36C0F70}.Debug|ARM.ActiveCfg = Debug|ARM
		{467D24D0-4C43-4BFC-BA90-5149F36C0F70}.Debug|ARM.Build.0 = Debug|ARM
		{467D24D0-4C43-4BFC-BA90-5149F36C0F70}.Debug|ARM.Deploy.0 = Debug|ARM
		{467D24D0-4C43-4BFC-BA90-5149F36C0F70}.Debug|ARM64.ActiveCfg = Debug|ARM64
		{467D24D0-4C43-4BFC-BA90-5149F36C0F70}.Debug|ARM64.Build.0 = Debug|ARM64
		{467D24D0-4C43-4BFC-BA90-5149F36C0F70}.Debug|ARM64.Deploy.0 = Debug|ARM64
		{467D24D0-4C43-4BFC-BA90-5149F36C0F70}.Debug|x64.ActiveCfg = Debug|x64
		{467D24D0-4C43-4BFC-BA90-5149F36C0F70}.Debug|x64.Build.0 = Debug|x64
		{467D24D0-4C43-4BFC-BA90-5149F36C0F70}.Debug|x64.Deploy.0 = Debug|x64
		{467D24D0-4C43-4BFC-BA90-5149F36C0F70}.Debug|x86.ActiveCfg = Debug|x86
		{467D24D0-4C43-4BFC-BA90-5149F36C0F70}.Debug|x86.Build.0 = Debug|x86
		{467D24D0-4C43-4BFC-BA90-5149F36C0F70}.Debug|x86.Deploy.0 = Debug|x86
		{467D24D0-4C43-4BFC-BA90-5149F36C0F70}.Release|ARM.ActiveCfg = Release|ARM
		{467D24D0-4C43-4BFC-BA90-5149F36C0F70}.Release|ARM.Build.0 = Release|ARM
		{467D24D0-4C43-4BFC-BA90-5149F36C0F70}.Release|ARM.Deploy.0 = Release|ARM
		{467D24D0-4C43-4BFC-BA90-5149F36C0F70}.Release|ARM64.ActiveCfg = Release|ARM64
		{467D24D0-4C43-4BFC-BA90-5149F36C0F70}.Release|ARM64.Build.0 = Release|ARM64
		{467D24D0-4C43-4BFC-BA90-5149F36C0F70}.Release|ARM64.Deploy.0 = Release|ARM64
		{467D24D0-4C43-4BFC-BA90-5149F36C0F70}.Release|x64.ActiveCfg = Release|x64
		{467D24D0-4C43-4BFC-BA90-5149F36C0F70}.Release|x64.Build.0 = Release|x64
		{467D24D0-4C43-4BFC-BA90-5149F36C0F70}.Release|x64.Deploy.0 = Release|x64
		{467D24D0-4C43-4BFC-BA90-5149F36C0F70}.Release|x86.ActiveCfg = Release|x86
		{467D24D0-4C43-4BFC-BA90-5149F36C0F70}.Release|x86.Build.0 = Release|x86
		{467D24D0-4C43-4BFC-BA90-5149F36C0F70}.Release|x86.Deploy.0 = Release|x86
		{5947385C-9FA3-4DFF-AA56-13B26B38211E}.Debug|ARM.ActiveCfg = Debug|ARM
		{5947385C-9FA3-4DFF-AA56-13B26B38211E}.Debug|ARM.Build.0 = Debug|ARM
		{5947385C-9FA3-4DFF-AA56-13B26B38211E}.Debug|ARM.Deploy.0 = Debug|ARM
		{5947385C-9FA3-4DFF-AA56-13B26B38211E}.Debug|ARM64.ActiveCfg = Debug|ARM64
		{5947385C-9FA3-4DFF-AA56-13B26B38211E}.Debug|ARM64.Build.0 = Debug|ARM64
		{5947385C-9FA3-4DFF-AA56-13B26B38211E}.Debug|ARM64.Deploy.0 = Debug|ARM64
		{5947385C-9FA3-4DFF-AA56-13B26B38211E}.Debug|x64.ActiveCfg = Debug|x64
		{5947385C-9FA3-4DFF-AA56-13B26B38211E}.Debug|x64.Build.0 = Debug|x64
		{5947385C-9FA3-4DFF-AA56-13B26B38211E}.Debug|x64.Deploy.0 = Debug|x64
		{5947385C-9FA3-4DFF-AA56-13B26B38211E}.Debug|x86.ActiveCfg = Debug|x86
		{5947385C-9FA3-4DFF-AA56-13B26B38211E}.Debug|x86.Build.0 = Debug|x86
		{5947385C-9FA3-4DFF-AA56-13B26B38211E}.Debug|x86.Deploy.0 = Debug|x86
		{5947385C-9FA3-4DFF-AA56-13B26B38211E}.Release|ARM.ActiveCfg = Release|ARM
		{5947385C-9FA3-4DFF-AA56-13B26B38211E}.Release|ARM.Build.0 = Release|ARM
		{5947385C-9FA3-4DFF-AA56-13B26B38211E}.Release|ARM.Deploy.0 = Release|ARM
		{5947385C-9FA3-4DFF-AA56-13B26B38211E}.Release|ARM64.ActiveCfg = Release|ARM64
		{5947385C-9FA3-4DFF-AA56-13B26B38211E}.Release|ARM64.Build.0 = Release|ARM64
		{5947385C-9FA3-4DFF-AA56-13B26B38211E}.Release|ARM64.Deploy.0 = Release|ARM64
		{5947385C-9FA3-4DFF-AA56-13B26B38211E}.Release|x64.ActiveCfg = Release|x64
		{5947385C-9FA3-4DFF-AA56-13B26B38211E}.Release|x64.Build.0 = Release|x64
		{5947385C-9FA3-4DFF-AA56-13B26B38211E}.Release|x64.Deploy.0 = Release|x64
		{5947385C-9FA3-4DFF-AA56-13B26B38211E}.Release|x86.ActiveCfg = Release|x86
		{5947385C-9FA3-4DFF-AA56-13B26B38211E}.Release|x86.Build.0 = Release|x86
		{5947385C-9FA3-4DFF-AA56-13B26B38211E}.Release|x86.Deploy.0 = Release|x86
		{120CF2A8-B562-44A5-B31C-322D13A26E55}.Debug|ARM.ActiveCfg = Debug|ARM
		{120CF2A8-B562-44A5-B31C-322D13A26E55}.Debug|ARM.Build.0 = Debug|ARM
		{120CF2A8-B562-44A5-B31C-322D13A26E55}.Debug|ARM.Deploy.0 = Debug|ARM
		{120CF2A8-B562-44A5-B31C-322D13A26E55}.Debug|ARM64.ActiveCfg = Debug|ARM64
		{120CF2A8-B562-44A5-B31C-322D13A26E55}.Debug|ARM64.Build.0 = Debug|ARM64
		{120CF2A8-B562-44A5-B31C-322D13A26E55}.Debug|ARM64.Deploy.0 = Debug|ARM64
		{120CF2A8-B562-44A5-B31C-322D13A26E55}.Debug|x64.ActiveCfg = Debug|x64
		{120CF2A8-B562-44A5-B31C-322D13A26E55}.Debug|x64.Build.0 = Debug|x64
		{120CF2A8-B562-44A5-B31C-322D13A26E55}.Debug|x64.Deploy.0 = Debug|x64
		{120CF2A8-B562-44A5-B31C-322D13A26E55}.Debug|x86.ActiveCfg = Debug|x86
		{120CF2A8-B562-44A5-B31C-322D13A26E55}.Debug|x86.Build.0 = Debug|x86
		{120CF2A8-B562-44A5-B31C-322D13A26E55}.Debug|x86.Deploy.0 = Debug|x86
		{120CF2A8-B562-44A5-B31C-322D13A26E55}.Release|ARM.ActiveCfg = Release|ARM
		{120CF2A8-B562-44A5-B31C-322D13A26E55}.Release|ARM.Build.0 = Release|ARM
		{120CF2A8-B562-44A5-B31C-322D13A26E55}.Release|ARM.Deploy.0 = Release|ARM
		{120CF2A8-B562-44A5-B31C-322D13A26E55}.Release|ARM64.ActiveCfg = Release|ARM64
		{120CF2A8-B562-44A5-B31C-322D13A26E55}.Release|ARM64.Build.0 = Release|ARM64
		{120CF2A8-B562-44A5-B31C-322D13A26E55}.Release|ARM64.Deploy.0 = Release|ARM64
		{120CF2A8-B562-44A5-B31C-322D13A26E55}.Release|x64.ActiveCfg = Release|x64
		{120CF2A8-B562-44A5-B31C-322D13A26E55}.Release|x64.Build.0 = Release|x64
		{120CF2A8-B562-44A5-B31C-322D13A26E55}.Release|x64.Deploy.0 = Release|x64
		{120CF2A8-B562-44A5-B31C-322D13A26E55}.Release|x86.ActiveCfg = Release|x86
		{120CF2A8-B562-44A5-B31C-322D13A26E55}.Release|x86.Build.0 = Release|x86
		{120CF2A8-B562-44A5-B31C-322D13A26E55}.Release|x86.Deploy.0 = Release|x86
		{3ED48F92-65AA-4613-80A7-F8145DD678AC}.Debug|ARM.ActiveCfg = Debug|ARM
		{3ED48F92-65AA-4613-80A7-F8145DD678AC}.Debug|ARM.Build.0 = Debug|ARM
		{3ED48F92-65AA-4613-80A7-F8145DD678AC}.Debug|ARM.Deploy.0 = Debug|ARM
		{3ED48F92-65AA-4613-80A7-F8145DD678AC}.Debug|ARM64.ActiveCfg = Debug|ARM64
		{3ED48F92-65AA-4613-80A7-F8145DD678AC}.Debug|ARM64.Build.0 = Debug|ARM64
		{3ED48F92-65AA-4613-80A7-F8145DD678AC}.Debug|ARM64.Deploy.0 = Debug|ARM64
		{3ED48F92-65AA-4613-80A7-F8145DD678AC}.Debug|x64.ActiveCfg = Debug|x64
		{3ED48F92-65AA-4613-80A7-F8145DD678AC}.Debug|x64.Build.0 = Debug|x64
		{3ED48F92-65AA-4613-80A7-F8145DD678AC}.Debug|x64.Deploy.0 = Debug|x64
		{3ED48F92-65AA-4613-80A7-F8145DD678AC}.Debug|x86.ActiveCfg = Debug|x86
		{3ED48F92-65AA-4613-80A7-F8145DD678AC}.Debug|x86.Build.0 = Debug|x86
		{3ED48F92-65AA-4613-80A7-F8145DD678AC}.Debug|x86.Deploy.0 = Debug|x86
		{3ED48F92-65AA-4613-80A7-F8145DD678AC}.Release|ARM.ActiveCfg = Release|ARM
		{3ED48F92-65AA-4613-80A7-F8145DD678AC}.Release|ARM.Build.0 = Release|ARM
		{3ED48F92-65AA-4613-80A7-F8145DD678AC}.Release|ARM.Deploy.0 = Release|ARM
		{3ED48F92-65AA-4613-80A7-F8145DD678AC}.Release|ARM64.ActiveCfg = Release|ARM64
		{3ED48F92-65AA-4613-80A7-F8145DD678AC}.Release|ARM64.Build.0 = Release|ARM64
		{3ED48F92-65AA-4613-80A7-F8145DD678AC}.Release|ARM64.Deploy.0 = Release|ARM64
		{3ED48F92-65AA-4613-80A7-F8145DD678AC}.Release|x64.ActiveCfg = Release|x64
		{3ED48F92-65AA-4613-80A7-F8145DD678AC}.Release|x64.Build.0 = Release|x64
		{3ED48F92-65AA-4613-80A7-F8145DD678AC}.Release|x64.Deploy.0 = Release|x64
		{3ED48F92-65AA-4613-80A7-F8145DD678AC}.Release|x86.ActiveCfg = Release|x86
		{3ED48F92-65AA-4613-80A7-F8145DD678AC}.Release|x86.Build.0 = Release|x86
		{3ED48F92-65AA-4613-80A7-F8145DD678AC}.Release|x86.Deploy.0 = Release|x86
		{2240124B-65BD-46FD-8E20-0591BD5F9477}.Debug|ARM.ActiveCfg = Debug|ARM
		{2240124B-65BD-46FD-8E20-0591BD5F9477}.Debug|ARM.Build.0 = Debug|ARM
		{2240124B-65BD-46FD-8E20-0591BD5F9477}.Debug|ARM.Deploy.0 = Debug|ARM
		{2240124B-65BD-46FD-8E20-0591BD5F9477}.Debug|ARM64.ActiveCfg = Debug|ARM64
		{2240124B-65BD-46FD-8E20-0591BD5F9477}.Debug|ARM64.Build.0 = Debug|ARM64
		{2240124B-65BD-46FD-8E20-0591BD5F9477}.Debug|ARM64.Deploy.0 = Debug|ARM64
		{2240124B-65BD-46FD-8E20-0591BD5F9477}.Debug|x64.ActiveCfg = Debug|x64
		{2240124B-65BD-46FD-8E20-0591BD5F9477}.Debug|x64.Build.0 = Debug|x64
		{2240124B-65BD-46FD-8E20-0591BD5F9477}.Debug|x64.Deploy.0 = Debug|x64
		{2240124B-65BD-46FD-8E20-0591BD5F9477}.Debug|x86.ActiveCfg = Debug|x86
		{2240124B-65BD-46FD-8E20-0591BD5F9477}.Debug|x86.Build.0 = Debug|x86
		{2240124B-65BD-46FD-8E20-0591BD5F9477}.Debug|x86.Deploy.0 = Debug|x86
		{2240124B-65BD-46FD-8E20-0591BD5F9477}.Release|ARM.ActiveCfg = Release|ARM
		{2240124B-65BD-46FD-8E20-0591BD5F9477}.Release|ARM.Build.0 = Release|ARM
		{2240124B-65BD-46FD-8E20-0591BD5F9477}.Release|ARM.Deploy.0 = Release|ARM
		{2240124B-65BD-46FD-8E20-0591BD5F9477}.Release|ARM64.ActiveCfg = Release|ARM64
		{2240124B-65BD-46FD-8E20-0591BD5F9477}.Release|ARM64.Build.0 = Release|ARM64
		{2240124B-65BD-46FD-8E20-0591BD5F9477}.Release|ARM64.Deploy.0 = Release|ARM64
		{2240124B-65BD-46FD-8E20-0591BD5F9477}.Release|x64.ActiveCfg = Release|x64
		{2240124B-65BD-46FD-8E20-0591BD5F9477}.Release|x64.Build.0 = Release|x64
		{2240124B-65BD-46FD-8E20-0591BD5F9477}.Release|x64.Deploy.0 = Release|x64
		{2240124B-65BD-46FD-8E20-0591BD5F9477}.Release|x86.ActiveCfg = Release|x86
		{2240124B-65BD-46FD-8E20-0591BD5F9477}.Release|x86.Build.0 = Release|x86
		{2240124B-65BD-46FD-8E20-0591BD5F9477}.Release|x86.Deploy.0 = Release|x86
	EndGlobalSection
	GlobalSection(SolutionProperties) = preSolution
		HideSolutionNode = FALSE
	EndGlobalSection
	GlobalSection(ExtensibilityGlobals) = postSolution
		SolutionGuid = {46D0A59B-43ED-476F-8C89-F18AE5A8BFC6}
	EndGlobalSection
EndGlobal
